// !$*UTF8*$!
{
	archiveVersion = 1;
	classes = {
	};
	objectVersion = 46;
	objects = {

/* Begin PBXBuildFile section */
		668E7AC51399612300A0E5E0 /* UIKit.framework in Frameworks */ = {isa = PBXBuildFile; fileRef = 668E7AC41399612300A0E5E0 /* UIKit.framework */; };
		668E7AC71399612300A0E5E0 /* Foundation.framework in Frameworks */ = {isa = PBXBuildFile; fileRef = 668E7AC61399612300A0E5E0 /* Foundation.framework */; };
		668E7AC91399612300A0E5E0 /* CoreGraphics.framework in Frameworks */ = {isa = PBXBuildFile; fileRef = 668E7AC81399612300A0E5E0 /* CoreGraphics.framework */; };
		668E7ACF1399612300A0E5E0 /* InfoPlist.strings in Resources */ = {isa = PBXBuildFile; fileRef = 668E7ACD1399612300A0E5E0 /* InfoPlist.strings */; };
		668E7AD21399612300A0E5E0 /* main.m in Sources */ = {isa = PBXBuildFile; fileRef = 668E7AD11399612300A0E5E0 /* main.m */; };
		668E7AD51399612300A0E5E0 /* VellumAppDelegate.m in Sources */ = {isa = PBXBuildFile; fileRef = 668E7AD41399612300A0E5E0 /* VellumAppDelegate.m */; };
		668E7AD81399612300A0E5E0 /* MainWindow.xib in Resources */ = {isa = PBXBuildFile; fileRef = 668E7AD61399612300A0E5E0 /* MainWindow.xib */; };
		668E7ADB1399612300A0E5E0 /* RootViewController.m in Sources */ = {isa = PBXBuildFile; fileRef = 668E7ADA1399612300A0E5E0 /* RootViewController.m */; };
		668E7ADE1399612300A0E5E0 /* RootViewController.xib in Resources */ = {isa = PBXBuildFile; fileRef = 668E7ADC1399612300A0E5E0 /* RootViewController.xib */; };
/* End PBXBuildFile section */

/* Begin PBXFileReference section */
		668E7AC01399612300A0E5E0 /* Vellum.app */ = {isa = PBXFileReference; explicitFileType = wrapper.application; includeInIndex = 0; path = Vellum.app; sourceTree = BUILT_PRODUCTS_DIR; };
		668E7AC41399612300A0E5E0 /* UIKit.framework */ = {isa = PBXFileReference; lastKnownFileType = wrapper.framework; name = UIKit.framework; path = System/Library/Frameworks/UIKit.framework; sourceTree = SDKROOT; };
		668E7AC61399612300A0E5E0 /* Foundation.framework */ = {isa = PBXFileReference; lastKnownFileType = wrapper.framework; name = Foundation.framework; path = System/Library/Frameworks/Foundation.framework; sourceTree = SDKROOT; };
		668E7AC81399612300A0E5E0 /* CoreGraphics.framework */ = {isa = PBXFileReference; lastKnownFileType = wrapper.framework; name = CoreGraphics.framework; path = System/Library/Frameworks/CoreGraphics.framework; sourceTree = SDKROOT; };
		668E7ACC1399612300A0E5E0 /* Vellum-Info.plist */ = {isa = PBXFileReference; path = "Vellum-Info.plist"; sourceTree = "<group>"; };
		668E7ACE1399612300A0E5E0 /* en */ = {isa = PBXFileReference; lastKnownFileType = text.plist.strings; name = en; path = en.lproj/InfoPlist.strings; sourceTree = "<group>"; };
		668E7AD01399612300A0E5E0 /* Vellum-Prefix.pch */ = {isa = PBXFileReference; path = "Vellum-Prefix.pch"; sourceTree = "<group>"; };
		668E7AD11399612300A0E5E0 /* main.m */ = {isa = PBXFileReference; lastKnownFileType = sourcecode.c.objc; path = main.m; sourceTree = "<group>"; };
		668E7AD31399612300A0E5E0 /* VellumAppDelegate.h */ = {isa = PBXFileReference; path = VellumAppDelegate.h; sourceTree = "<group>"; };
		668E7AD41399612300A0E5E0 /* VellumAppDelegate.m */ = {isa = PBXFileReference; lastKnownFileType = sourcecode.c.objc; path = VellumAppDelegate.m; sourceTree = "<group>"; };
		668E7AD71399612300A0E5E0 /* en */ = {isa = PBXFileReference; lastKnownFileType = file.xib; name = en; path = en.lproj/MainWindow.xib; sourceTree = "<group>"; };
		668E7AD91399612300A0E5E0 /* RootViewController.h */ = {isa = PBXFileReference; path = RootViewController.h; sourceTree = "<group>"; };
		668E7ADA1399612300A0E5E0 /* RootViewController.m */ = {isa = PBXFileReference; lastKnownFileType = sourcecode.c.objc; path = RootViewController.m; sourceTree = "<group>"; };
		668E7ADD1399612300A0E5E0 /* en */ = {isa = PBXFileReference; lastKnownFileType = file.xib; name = en; path = en.lproj/RootViewController.xib; sourceTree = "<group>"; };
/* End PBXFileReference section */

/* Begin PBXFrameworksBuildPhase section */
		668E7ABD1399612200A0E5E0 /* Frameworks */ = {
			isa = PBXFrameworksBuildPhase;
			buildActionMask = 2147483647;
			files = (
				668E7AC51399612300A0E5E0 /* UIKit.framework in Frameworks */,
				668E7AC71399612300A0E5E0 /* Foundation.framework in Frameworks */,
				668E7AC91399612300A0E5E0 /* CoreGraphics.framework in Frameworks */,
			);
			runOnlyForDeploymentPostprocessing = 0;
		};
/* End PBXFrameworksBuildPhase section */

/* Begin PBXGroup section */
		668E7AB51399612200A0E5E0 = {
			isa = PBXGroup;
			children = (
				668E7ACA1399612300A0E5E0 /* Vellum */,
				668E7AC31399612300A0E5E0 /* Frameworks */,
				668E7AC11399612300A0E5E0 /* Products */,
			);
			sourceTree = "<group>";
		};
		668E7AC11399612300A0E5E0 /* Products */ = {
			isa = PBXGroup;
			children = (
				668E7AC01399612300A0E5E0 /* Vellum.app */,
			);
			name = Products;
			sourceTree = "<group>";
		};
		668E7AC31399612300A0E5E0 /* Frameworks */ = {
			isa = PBXGroup;
			children = (
				668E7AC41399612300A0E5E0 /* UIKit.framework */,
				668E7AC61399612300A0E5E0 /* Foundation.framework */,
				668E7AC81399612300A0E5E0 /* CoreGraphics.framework */,
			);
			name = Frameworks;
			sourceTree = "<group>";
		};
		668E7ACA1399612300A0E5E0 /* Vellum */ = {
			isa = PBXGroup;
			children = (
				668E7AD31399612300A0E5E0 /* VellumAppDelegate.h */,
				668E7AD41399612300A0E5E0 /* VellumAppDelegate.m */,
				668E7AD61399612300A0E5E0 /* MainWindow.xib */,
				668E7AD91399612300A0E5E0 /* RootViewController.h */,
				668E7ADA1399612300A0E5E0 /* RootViewController.m */,
				668E7ADC1399612300A0E5E0 /* RootViewController.xib */,
				668E7ACB1399612300A0E5E0 /* Supporting Files */,
			);
			path = Vellum;
			sourceTree = "<group>";
		};
		668E7ACB1399612300A0E5E0 /* Supporting Files */ = {
			isa = PBXGroup;
			children = (
				668E7ACC1399612300A0E5E0 /* Vellum-Info.plist */,
				668E7ACD1399612300A0E5E0 /* InfoPlist.strings */,
				668E7AD01399612300A0E5E0 /* Vellum-Prefix.pch */,
				668E7AD11399612300A0E5E0 /* main.m */,
			);
			name = "Supporting Files";
			sourceTree = "<group>";
		};
/* End PBXGroup section */

/* Begin PBXNativeTarget section */
		668E7ABF1399612200A0E5E0 /* Vellum */ = {
			isa = PBXNativeTarget;
			buildConfigurationList = 668E7AE11399612300A0E5E0 /* Build configuration list for PBXNativeTarget "Vellum" */;
			buildPhases = (
				668E7ABC1399612200A0E5E0 /* Sources */,
				668E7ABD1399612200A0E5E0 /* Frameworks */,
				668E7ABE1399612200A0E5E0 /* Resources */,
			);
			buildRules = (
			);
			dependencies = (
			);
			name = Vellum;
			productName = Vellum;
			productReference = 668E7AC01399612300A0E5E0 /* Vellum.app */;
			productType = "com.apple.product-type.application";
		};
/* End PBXNativeTarget section */

/* Begin PBXProject section */
		668E7AB71399612200A0E5E0 /* Project object */ = {
			isa = PBXProject;
			buildConfigurationList = 668E7ABA1399612200A0E5E0 /* Build configuration list for PBXProject "Vellum" */;
			compatibilityVersion = "Xcode 3.2";
			developmentRegion = English;
			hasScannedForEncodings = 0;
			knownRegions = (
				en,
			);
			mainGroup = 668E7AB51399612200A0E5E0;
			productRefGroup = 668E7AC11399612300A0E5E0 /* Products */;
			projectDirPath = "";
			projectRoot = "";
			targets = (
				668E7ABF1399612200A0E5E0 /* Vellum */,
			);
		};
/* End PBXProject section */

/* Begin PBXResourcesBuildPhase section */
		668E7ABE1399612200A0E5E0 /* Resources */ = {
			isa = PBXResourcesBuildPhase;
			buildActionMask = 2147483647;
			files = (
				668E7ACF1399612300A0E5E0 /* InfoPlist.strings in Resources */,
				668E7AD81399612300A0E5E0 /* MainWindow.xib in Resources */,
				668E7ADE1399612300A0E5E0 /* RootViewController.xib in Resources */,
			);
			runOnlyForDeploymentPostprocessing = 0;
		};
/* End PBXResourcesBuildPhase section */

/* Begin PBXSourcesBuildPhase section */
		668E7ABC1399612200A0E5E0 /* Sources */ = {
			isa = PBXSourcesBuildPhase;
			buildActionMask = 2147483647;
			files = (
				668E7AD21399612300A0E5E0 /* main.m in Sources */,
				668E7AD51399612300A0E5E0 /* VellumAppDelegate.m in Sources */,
				668E7ADB1399612300A0E5E0 /* RootViewController.m in Sources */,
			);
			runOnlyForDeploymentPostprocessing = 0;
		};
/* End PBXSourcesBuildPhase section */

/* Begin PBXVariantGroup section */
		668E7ACD1399612300A0E5E0 /* InfoPlist.strings */ = {
			isa = PBXVariantGroup;
			children = (
				668E7ACE1399612300A0E5E0 /* en */,
			);
			name = InfoPlist.strings;
			sourceTree = "<group>";
		};
		668E7AD61399612300A0E5E0 /* MainWindow.xib */ = {
			isa = PBXVariantGroup;
			children = (
				668E7AD71399612300A0E5E0 /* en */,
			);
			name = MainWindow.xib;
			sourceTree = "<group>";
		};
		668E7ADC1399612300A0E5E0 /* RootViewController.xib */ = {
			isa = PBXVariantGroup;
			children = (
				668E7ADD1399612300A0E5E0 /* en */,
			);
			name = RootViewController.xib;
			sourceTree = "<group>";
		};
/* End PBXVariantGroup section */

/* Begin XCBuildConfiguration section */
		668E7ADF1399612300A0E5E0 /* Debug */ = {
			isa = XCBuildConfiguration;
			buildSettings = {
				ARCHS = "$(ARCHS_STANDARD_32_BIT)";
				"CODE_SIGN_IDENTITY[sdk=iphoneos*]" = "iPhone Developer";
				GCC_C_LANGUAGE_STANDARD = gnu99;
				GCC_OPTIMIZATION_LEVEL = 0;
				GCC_PREPROCESSOR_DEFINITIONS = DEBUG;
				GCC_SYMBOLS_PRIVATE_EXTERN = NO;
				GCC_VERSION = com.apple.compilers.llvmgcc42;
				GCC_WARN_ABOUT_RETURN_TYPE = YES;
				GCC_WARN_UNUSED_VARIABLE = YES;
				IPHONEOS_DEPLOYMENT_TARGET = 4.3;
				SDKROOT = iphoneos;
			};
			name = Debug;
		};
		668E7AE01399612300A0E5E0 /* Release */ = {
			isa = XCBuildConfiguration;
			buildSettings = {
				ARCHS = "$(ARCHS_STANDARD_32_BIT)";
				"CODE_SIGN_IDENTITY[sdk=iphoneos*]" = "iPhone Developer";
				GCC_C_LANGUAGE_STANDARD = gnu99;
				GCC_VERSION = com.apple.compilers.llvmgcc42;
				GCC_WARN_ABOUT_RETURN_TYPE = YES;
				GCC_WARN_UNUSED_VARIABLE = YES;
				IPHONEOS_DEPLOYMENT_TARGET = 4.3;
				OTHER_CFLAGS = "-DNS_BLOCK_ASSERTIONS=1";
				SDKROOT = iphoneos;
			};
			name = Release;
		};
		668E7AE21399612300A0E5E0 /* Debug */ = {
			isa = XCBuildConfiguration;
			buildSettings = {
				ALWAYS_SEARCH_USER_PATHS = NO;
				COPY_PHASE_STRIP = NO;
				GCC_DYNAMIC_NO_PIC = NO;
				GCC_PRECOMPILE_PREFIX_HEADER = YES;
				GCC_PREFIX_HEADER = "Vellum/Vellum-Prefix.pch";
				INFOPLIST_FILE = "Vellum/Vellum-Info.plist";
				PRODUCT_NAME = "$(TARGET_NAME)";
				WRAPPER_EXTENSION = app;
			};
			name = Debug;
		};
		668E7AE31399612300A0E5E0 /* Release */ = {
			isa = XCBuildConfiguration;
			buildSettings = {
				ALWAYS_SEARCH_USER_PATHS = NO;
				COPY_PHASE_STRIP = YES;
				GCC_PRECOMPILE_PREFIX_HEADER = YES;
				GCC_PREFIX_HEADER = "Vellum/Vellum-Prefix.pch";
				INFOPLIST_FILE = "Vellum/Vellum-Info.plist";
				PRODUCT_NAME = "$(TARGET_NAME)";
				VALIDATE_PRODUCT = YES;
				WRAPPER_EXTENSION = app;
			};
			name = Release;
		};
/* End XCBuildConfiguration section */

/* Begin XCConfigurationList section */
		668E7ABA1399612200A0E5E0 /* Build configuration list for PBXProject "Vellum" */ = {
			isa = XCConfigurationList;
			buildConfigurations = (
				668E7ADF1399612300A0E5E0 /* Debug */,
				668E7AE01399612300A0E5E0 /* Release */,
			);
			defaultConfigurationIsVisible = 0;
			defaultConfigurationName = Release;
		};
		668E7AE11399612300A0E5E0 /* Build configuration list for PBXNativeTarget "Vellum" */ = {
			isa = XCConfigurationList;
			buildConfigurations = (
				668E7AE21399612300A0E5E0 /* Debug */,
				668E7AE31399612300A0E5E0 /* Release */,
			);
			defaultConfigurationIsVisible = 0;
		};
/* End XCConfigurationList section */
	};
	rootObject = 668E7AB71399612200A0E5E0 /* Project object */;
}
