// !$*UTF8*$!
{
	archiveVersion = 1;
	classes = {
	};
	objectVersion = 46;
	objects = {

/* Begin PBXBuildFile section */
		66124E91139FCE7A0066A45B /* DocsListViewController.m in Sources */ = {isa = PBXBuildFile; fileRef = 66124E8F139FCE7A0066A45B /* DocsListViewController.m */; };
		66124E95139FCEB10066A45B /* Doc.m in Sources */ = {isa = PBXBuildFile; fileRef = 66124E94139FCEB10066A45B /* Doc.m */; };
		66124E98139FD4440066A45B /* Attr.m in Sources */ = {isa = PBXBuildFile; fileRef = 66124E97139FD4440066A45B /* Attr.m */; };
		6619FCD313A0015900D63BB2 /* DocTemplate.m in Sources */ = {isa = PBXBuildFile; fileRef = 6619FCD213A0015900D63BB2 /* DocTemplate.m */; };
		662E674F13A26D6B002997A0 /* DetailViewController.m in Sources */ = {isa = PBXBuildFile; fileRef = 662E674D13A26D6B002997A0 /* DetailViewController.m */; };
		6635CC4F13BA5E7800E8D018 /* AttrCell.m in Sources */ = {isa = PBXBuildFile; fileRef = 6635CC4E13BA5E7800E8D018 /* AttrCell.m */; };
		6635CC5213BA5E8400E8D018 /* DocContentCell.m in Sources */ = {isa = PBXBuildFile; fileRef = 6635CC5113BA5E8400E8D018 /* DocContentCell.m */; };
		6652B66A13B5101B00A0E123 /* ProjectCell.m in Sources */ = {isa = PBXBuildFile; fileRef = 6652B66913B5101B00A0E123 /* ProjectCell.m */; };
		666E95EB13A680B40056834D /* Vellum.xcdatamodeld in Sources */ = {isa = PBXBuildFile; fileRef = 666E95E913A680B40056834D /* Vellum.xcdatamodeld */; };
		667958AD13B92B7700C6FB9F /* DocCell.m in Sources */ = {isa = PBXBuildFile; fileRef = 667958AC13B92B7700C6FB9F /* DocCell.m */; };
		668E7AC51399612300A0E5E0 /* UIKit.framework in Frameworks */ = {isa = PBXBuildFile; fileRef = 668E7AC41399612300A0E5E0 /* UIKit.framework */; };
		668E7AC71399612300A0E5E0 /* Foundation.framework in Frameworks */ = {isa = PBXBuildFile; fileRef = 668E7AC61399612300A0E5E0 /* Foundation.framework */; };
		668E7AC91399612300A0E5E0 /* CoreGraphics.framework in Frameworks */ = {isa = PBXBuildFile; fileRef = 668E7AC81399612300A0E5E0 /* CoreGraphics.framework */; };
		668E7ACF1399612300A0E5E0 /* InfoPlist.strings in Resources */ = {isa = PBXBuildFile; fileRef = 668E7ACD1399612300A0E5E0 /* InfoPlist.strings */; };
		668E7AD21399612300A0E5E0 /* main.m in Sources */ = {isa = PBXBuildFile; fileRef = 668E7AD11399612300A0E5E0 /* main.m */; };
		668E7AD51399612300A0E5E0 /* VellumAppDelegate.m in Sources */ = {isa = PBXBuildFile; fileRef = 668E7AD41399612300A0E5E0 /* VellumAppDelegate.m */; };
		668E7ADB1399612300A0E5E0 /* ProjectsViewController.m in Sources */ = {isa = PBXBuildFile; fileRef = 668E7ADA1399612300A0E5E0 /* ProjectsViewController.m */; };
		668E7B2B1399634D00A0E5E0 /* libRestKitNetwork.a in Frameworks */ = {isa = PBXBuildFile; fileRef = 668E7B271399634D00A0E5E0 /* libRestKitNetwork.a */; };
		668E7B2C1399634D00A0E5E0 /* libRestKitObjectMapping.a in Frameworks */ = {isa = PBXBuildFile; fileRef = 668E7B281399634D00A0E5E0 /* libRestKitObjectMapping.a */; };
		668E7B2D1399634D00A0E5E0 /* libRestKitSupport.a in Frameworks */ = {isa = PBXBuildFile; fileRef = 668E7B291399634D00A0E5E0 /* libRestKitSupport.a */; };
		668E7B331399634D00A0E5E0 /* CFNetwork.framework in Frameworks */ = {isa = PBXBuildFile; fileRef = 668E7B2E1399634D00A0E5E0 /* CFNetwork.framework */; };
		668E7B341399634D00A0E5E0 /* CoreData.framework in Frameworks */ = {isa = PBXBuildFile; fileRef = 668E7B2F1399634D00A0E5E0 /* CoreData.framework */; };
		668E7B361399634D00A0E5E0 /* MobileCoreServices.framework in Frameworks */ = {isa = PBXBuildFile; fileRef = 668E7B311399634D00A0E5E0 /* MobileCoreServices.framework */; };
		668E7B371399634D00A0E5E0 /* SystemConfiguration.framework in Frameworks */ = {isa = PBXBuildFile; fileRef = 668E7B321399634D00A0E5E0 /* SystemConfiguration.framework */; };
		668E7B411399643600A0E5E0 /* libRestKitCoreData.a in Frameworks */ = {isa = PBXBuildFile; fileRef = 668E7B401399643600A0E5E0 /* libRestKitCoreData.a */; };
		668E7B431399644600A0E5E0 /* libRestKitJSONParserYAJL.a in Frameworks */ = {isa = PBXBuildFile; fileRef = 668E7B421399644600A0E5E0 /* libRestKitJSONParserYAJL.a */; };
		668E7B471399660200A0E5E0 /* Project.m in Sources */ = {isa = PBXBuildFile; fileRef = 668E7B461399660200A0E5E0 /* Project.m */; };
		668E7B491399686E00A0E5E0 /* SugarPondLoginViewController.xib in Resources */ = {isa = PBXBuildFile; fileRef = 668E7B481399686E00A0E5E0 /* SugarPondLoginViewController.xib */; };
		668E7B4C13996B8800A0E5E0 /* SugarPondLoginViewController.m in Sources */ = {isa = PBXBuildFile; fileRef = 668E7B4B13996B8800A0E5E0 /* SugarPondLoginViewController.m */; };
		66B84AF7145F9268003F43C6 /* DetailViewCell.m in Sources */ = {isa = PBXBuildFile; fileRef = 66B84AF6145F9268003F43C6 /* DetailViewCell.m */; };
		66CE30A313B4DB96008A274B /* Vellum.storyboard in Resources */ = {isa = PBXBuildFile; fileRef = 66CE30A213B4DB96008A274B /* Vellum.storyboard */; };
		66CE30DA13B4E7C3008A274B /* Accounts.framework in Frameworks */ = {isa = PBXBuildFile; fileRef = 66CE30D913B4E7C3008A274B /* Accounts.framework */; };
		66CE30DD13B4F930008A274B /* AuthenticatedTableViewController.m in Sources */ = {isa = PBXBuildFile; fileRef = 66CE30DC13B4F930008A274B /* AuthenticatedTableViewController.m */; };
		66D2C81B139E9E5C00428452 /* sugarpond.png in Resources */ = {isa = PBXBuildFile; fileRef = 66D2C81A139E9E5C00428452 /* sugarpond.png */; };
		66D2C821139E9EFB00428452 /* LiberationSerif-Bold.ttf in Resources */ = {isa = PBXBuildFile; fileRef = 66D2C81D139E9EFB00428452 /* LiberationSerif-Bold.ttf */; };
		66D2C822139E9EFB00428452 /* LiberationSerif-BoldItalic.ttf in Resources */ = {isa = PBXBuildFile; fileRef = 66D2C81E139E9EFB00428452 /* LiberationSerif-BoldItalic.ttf */; };
		66D2C823139E9EFB00428452 /* LiberationSerif-Italic.ttf in Resources */ = {isa = PBXBuildFile; fileRef = 66D2C81F139E9EFB00428452 /* LiberationSerif-Italic.ttf */; };
		66D2C824139E9EFB00428452 /* LiberationSerif-Regular.ttf in Resources */ = {isa = PBXBuildFile; fileRef = 66D2C820139E9EFB00428452 /* LiberationSerif-Regular.ttf */; };
		66D2C826139EBD5300428452 /* QuartzCore.framework in Frameworks */ = {isa = PBXBuildFile; fileRef = 66D2C825139EBD5300428452 /* QuartzCore.framework */; };
/* End PBXBuildFile section */

/* Begin PBXContainerItemProxy section */
		668E7B10139962A700A0E5E0 /* PBXContainerItemProxy */ = {
			isa = PBXContainerItemProxy;
			containerPortal = 668E7AFC139962A600A0E5E0 /* RestKit.xcodeproj */;
			proxyType = 2;
			remoteGlobalIDString = 253A07FC1255161B00976E89;
			remoteInfo = RestKitNetwork;
		};
		668E7B12139962A700A0E5E0 /* PBXContainerItemProxy */ = {
			isa = PBXContainerItemProxy;
			containerPortal = 668E7AFC139962A600A0E5E0 /* RestKit.xcodeproj */;
			proxyType = 2;
			remoteGlobalIDString = 253A08031255162C00976E89;
			remoteInfo = RestKitObjectMapping;
		};
		668E7B14139962A700A0E5E0 /* PBXContainerItemProxy */ = {
			isa = PBXContainerItemProxy;
			containerPortal = 668E7AFC139962A600A0E5E0 /* RestKit.xcodeproj */;
			proxyType = 2;
			remoteGlobalIDString = 253A080C12551D3000976E89;
			remoteInfo = RestKitSupport;
		};
		668E7B16139962A700A0E5E0 /* PBXContainerItemProxy */ = {
			isa = PBXContainerItemProxy;
			containerPortal = 668E7AFC139962A600A0E5E0 /* RestKit.xcodeproj */;
			proxyType = 2;
			remoteGlobalIDString = 2590E64F125231F600531FA8;
			remoteInfo = "RestKitJSONParser+YAJL";
		};
		668E7B18139962A700A0E5E0 /* PBXContainerItemProxy */ = {
			isa = PBXContainerItemProxy;
			containerPortal = 668E7AFC139962A600A0E5E0 /* RestKit.xcodeproj */;
			proxyType = 2;
			remoteGlobalIDString = 2590E66B1252353700531FA8;
			remoteInfo = "RestKitJSONParser+SBJSON";
		};
		668E7B1A139962A700A0E5E0 /* PBXContainerItemProxy */ = {
			isa = PBXContainerItemProxy;
			containerPortal = 668E7AFC139962A600A0E5E0 /* RestKit.xcodeproj */;
			proxyType = 2;
			remoteGlobalIDString = 73057FD11331AD2E001908EE;
			remoteInfo = "RestKitJSONParser+JSONKit";
		};
		668E7B1C139962A700A0E5E0 /* PBXContainerItemProxy */ = {
			isa = PBXContainerItemProxy;
			containerPortal = 668E7AFC139962A600A0E5E0 /* RestKit.xcodeproj */;
			proxyType = 2;
			remoteGlobalIDString = 25BD43BD1340315800DBACDD;
			remoteInfo = "RestKitXMLParser+Libxml";
		};
		668E7B1E139962A700A0E5E0 /* PBXContainerItemProxy */ = {
			isa = PBXContainerItemProxy;
			containerPortal = 668E7AFC139962A600A0E5E0 /* RestKit.xcodeproj */;
			proxyType = 2;
			remoteGlobalIDString = 253A081412551D5300976E89;
			remoteInfo = RestKitCoreData;
		};
		668E7B20139962A700A0E5E0 /* PBXContainerItemProxy */ = {
			isa = PBXContainerItemProxy;
			containerPortal = 668E7AFC139962A600A0E5E0 /* RestKit.xcodeproj */;
			proxyType = 2;
			remoteGlobalIDString = 2523360511E79F090048F9B4;
			remoteInfo = RestKitThree20;
		};
		668E7B22139962A700A0E5E0 /* PBXContainerItemProxy */ = {
			isa = PBXContainerItemProxy;
			containerPortal = 668E7AFC139962A600A0E5E0 /* RestKit.xcodeproj */;
			proxyType = 2;
			remoteGlobalIDString = 3F6C39A510FE5C95008F47C5;
			remoteInfo = UISpec;
		};
		668E7B241399630A00A0E5E0 /* PBXContainerItemProxy */ = {
			isa = PBXContainerItemProxy;
			containerPortal = 668E7AFC139962A600A0E5E0 /* RestKit.xcodeproj */;
			proxyType = 1;
			remoteGlobalIDString = 255B7588133BABBF00ED76AD;
			remoteInfo = RestKit;
		};
/* End PBXContainerItemProxy section */

/* Begin PBXFileReference section */
		66124E8E139FCE7A0066A45B /* DocsListViewController.h */ = {isa = PBXFileReference; fileEncoding = 4; lastKnownFileType = sourcecode.c.h; name = DocsListViewController.h; path = Vellum/DocsListViewController.h; sourceTree = "<group>"; };
		66124E8F139FCE7A0066A45B /* DocsListViewController.m */ = {isa = PBXFileReference; fileEncoding = 4; lastKnownFileType = sourcecode.c.objc; name = DocsListViewController.m; path = Vellum/DocsListViewController.m; sourceTree = "<group>"; };
		66124E93139FCEB10066A45B /* Doc.h */ = {isa = PBXFileReference; fileEncoding = 4; lastKnownFileType = sourcecode.c.h; path = Doc.h; sourceTree = "<group>"; };
		66124E94139FCEB10066A45B /* Doc.m */ = {isa = PBXFileReference; fileEncoding = 4; lastKnownFileType = sourcecode.c.objc; path = Doc.m; sourceTree = "<group>"; };
		66124E96139FD4440066A45B /* Attr.h */ = {isa = PBXFileReference; fileEncoding = 4; lastKnownFileType = sourcecode.c.h; path = Attr.h; sourceTree = "<group>"; };
		66124E97139FD4440066A45B /* Attr.m */ = {isa = PBXFileReference; fileEncoding = 4; lastKnownFileType = sourcecode.c.objc; path = Attr.m; sourceTree = "<group>"; };
		6619FCD113A0015900D63BB2 /* DocTemplate.h */ = {isa = PBXFileReference; fileEncoding = 4; lastKnownFileType = sourcecode.c.h; path = DocTemplate.h; sourceTree = "<group>"; };
		6619FCD213A0015900D63BB2 /* DocTemplate.m */ = {isa = PBXFileReference; fileEncoding = 4; lastKnownFileType = sourcecode.c.objc; path = DocTemplate.m; sourceTree = "<group>"; };
		662E674C13A26D6B002997A0 /* DetailViewController.h */ = {isa = PBXFileReference; fileEncoding = 4; lastKnownFileType = sourcecode.c.h; name = DetailViewController.h; path = Vellum/DetailViewController.h; sourceTree = "<group>"; };
		662E674D13A26D6B002997A0 /* DetailViewController.m */ = {isa = PBXFileReference; fileEncoding = 4; lastKnownFileType = sourcecode.c.objc; name = DetailViewController.m; path = Vellum/DetailViewController.m; sourceTree = "<group>"; };
		6635CC4D13BA5E7800E8D018 /* AttrCell.h */ = {isa = PBXFileReference; fileEncoding = 4; lastKnownFileType = sourcecode.c.h; path = AttrCell.h; sourceTree = "<group>"; };
		6635CC4E13BA5E7800E8D018 /* AttrCell.m */ = {isa = PBXFileReference; fileEncoding = 4; lastKnownFileType = sourcecode.c.objc; path = AttrCell.m; sourceTree = "<group>"; };
		6635CC5013BA5E8400E8D018 /* DocContentCell.h */ = {isa = PBXFileReference; fileEncoding = 4; lastKnownFileType = sourcecode.c.h; path = DocContentCell.h; sourceTree = "<group>"; };
		6635CC5113BA5E8400E8D018 /* DocContentCell.m */ = {isa = PBXFileReference; fileEncoding = 4; lastKnownFileType = sourcecode.c.objc; path = DocContentCell.m; sourceTree = "<group>"; };
		6652B66813B5101B00A0E123 /* ProjectCell.h */ = {isa = PBXFileReference; fileEncoding = 4; lastKnownFileType = sourcecode.c.h; name = ProjectCell.h; path = Vellum/ProjectCell.h; sourceTree = "<group>"; };
		6652B66913B5101B00A0E123 /* ProjectCell.m */ = {isa = PBXFileReference; fileEncoding = 4; lastKnownFileType = sourcecode.c.objc; name = ProjectCell.m; path = Vellum/ProjectCell.m; sourceTree = "<group>"; };
		666E95EA13A680B40056834D /* Vellum.xcdatamodel */ = {isa = PBXFileReference; lastKnownFileType = wrapper.xcdatamodel; path = Vellum.xcdatamodel; sourceTree = "<group>"; };
		667958AB13B92B7700C6FB9F /* DocCell.h */ = {isa = PBXFileReference; fileEncoding = 4; lastKnownFileType = sourcecode.c.h; name = DocCell.h; path = Vellum/DocCell.h; sourceTree = "<group>"; };
		667958AC13B92B7700C6FB9F /* DocCell.m */ = {isa = PBXFileReference; fileEncoding = 4; lastKnownFileType = sourcecode.c.objc; name = DocCell.m; path = Vellum/DocCell.m; sourceTree = "<group>"; };
		668E7AC01399612300A0E5E0 /* Vellum for iPad.app */ = {isa = PBXFileReference; explicitFileType = wrapper.application; includeInIndex = 0; path = "Vellum for iPad.app"; sourceTree = BUILT_PRODUCTS_DIR; };
		668E7AC41399612300A0E5E0 /* UIKit.framework */ = {isa = PBXFileReference; lastKnownFileType = wrapper.framework; name = UIKit.framework; path = System/Library/Frameworks/UIKit.framework; sourceTree = SDKROOT; };
		668E7AC61399612300A0E5E0 /* Foundation.framework */ = {isa = PBXFileReference; lastKnownFileType = wrapper.framework; name = Foundation.framework; path = System/Library/Frameworks/Foundation.framework; sourceTree = SDKROOT; };
		668E7AC81399612300A0E5E0 /* CoreGraphics.framework */ = {isa = PBXFileReference; lastKnownFileType = wrapper.framework; name = CoreGraphics.framework; path = System/Library/Frameworks/CoreGraphics.framework; sourceTree = SDKROOT; };
		668E7ACC1399612300A0E5E0 /* Vellum for iPad-Info.plist */ = {isa = PBXFileReference; lastKnownFileType = text.plist.xml; path = "Vellum for iPad-Info.plist"; sourceTree = "<group>"; };
		668E7ACE1399612300A0E5E0 /* en */ = {isa = PBXFileReference; lastKnownFileType = text.plist.strings; name = en; path = en.lproj/InfoPlist.strings; sourceTree = "<group>"; };
		668E7AD01399612300A0E5E0 /* Vellum for iPad-Prefix.pch */ = {isa = PBXFileReference; lastKnownFileType = sourcecode.c.h; path = "Vellum for iPad-Prefix.pch"; sourceTree = "<group>"; };
		668E7AD11399612300A0E5E0 /* main.m */ = {isa = PBXFileReference; lastKnownFileType = sourcecode.c.objc; path = main.m; sourceTree = "<group>"; };
		668E7AD31399612300A0E5E0 /* VellumAppDelegate.h */ = {isa = PBXFileReference; lastKnownFileType = sourcecode.c.h; path = VellumAppDelegate.h; sourceTree = "<group>"; };
		668E7AD41399612300A0E5E0 /* VellumAppDelegate.m */ = {isa = PBXFileReference; lastKnownFileType = sourcecode.c.objc; path = VellumAppDelegate.m; sourceTree = "<group>"; };
		668E7AD91399612300A0E5E0 /* ProjectsViewController.h */ = {isa = PBXFileReference; lastKnownFileType = sourcecode.c.h; name = ProjectsViewController.h; path = Vellum/ProjectsViewController.h; sourceTree = "<group>"; };
		668E7ADA1399612300A0E5E0 /* ProjectsViewController.m */ = {isa = PBXFileReference; lastKnownFileType = sourcecode.c.objc; name = ProjectsViewController.m; path = Vellum/ProjectsViewController.m; sourceTree = "<group>"; };
		668E7AFC139962A600A0E5E0 /* RestKit.xcodeproj */ = {isa = PBXFileReference; lastKnownFileType = "wrapper.pb-project"; name = RestKit.xcodeproj; path = RestKit/RestKit.xcodeproj; sourceTree = "<group>"; };
		668E7B261399634D00A0E5E0 /* libRestKitJSONParserJSONKit.a */ = {isa = PBXFileReference; explicitFileType = archive.ar; path = libRestKitJSONParserJSONKit.a; sourceTree = SOURCE_ROOT; };
		668E7B271399634D00A0E5E0 /* libRestKitNetwork.a */ = {isa = PBXFileReference; explicitFileType = archive.ar; path = libRestKitNetwork.a; sourceTree = SOURCE_ROOT; };
		668E7B281399634D00A0E5E0 /* libRestKitObjectMapping.a */ = {isa = PBXFileReference; explicitFileType = archive.ar; path = libRestKitObjectMapping.a; sourceTree = SOURCE_ROOT; };
		668E7B291399634D00A0E5E0 /* libRestKitSupport.a */ = {isa = PBXFileReference; explicitFileType = archive.ar; path = libRestKitSupport.a; sourceTree = SOURCE_ROOT; };
		668E7B2E1399634D00A0E5E0 /* CFNetwork.framework */ = {isa = PBXFileReference; lastKnownFileType = wrapper.framework; name = CFNetwork.framework; path = System/Library/Frameworks/CFNetwork.framework; sourceTree = SDKROOT; };
		668E7B2F1399634D00A0E5E0 /* CoreData.framework */ = {isa = PBXFileReference; lastKnownFileType = wrapper.framework; name = CoreData.framework; path = System/Library/Frameworks/CoreData.framework; sourceTree = SDKROOT; };
		668E7B301399634D00A0E5E0 /* libxml2.dylib */ = {isa = PBXFileReference; lastKnownFileType = "compiled.mach-o.dylib"; name = libxml2.dylib; path = usr/lib/libxml2.dylib; sourceTree = SDKROOT; };
		668E7B311399634D00A0E5E0 /* MobileCoreServices.framework */ = {isa = PBXFileReference; lastKnownFileType = wrapper.framework; name = MobileCoreServices.framework; path = System/Library/Frameworks/MobileCoreServices.framework; sourceTree = SDKROOT; };
		668E7B321399634D00A0E5E0 /* SystemConfiguration.framework */ = {isa = PBXFileReference; lastKnownFileType = wrapper.framework; name = SystemConfiguration.framework; path = System/Library/Frameworks/SystemConfiguration.framework; sourceTree = SDKROOT; };
		668E7B401399643600A0E5E0 /* libRestKitCoreData.a */ = {isa = PBXFileReference; explicitFileType = archive.ar; path = libRestKitCoreData.a; sourceTree = SOURCE_ROOT; };
		668E7B421399644600A0E5E0 /* libRestKitJSONParserYAJL.a */ = {isa = PBXFileReference; explicitFileType = archive.ar; path = libRestKitJSONParserYAJL.a; sourceTree = SOURCE_ROOT; };
		668E7B451399660200A0E5E0 /* Project.h */ = {isa = PBXFileReference; fileEncoding = 4; lastKnownFileType = sourcecode.c.h; path = Project.h; sourceTree = "<group>"; };
		668E7B461399660200A0E5E0 /* Project.m */ = {isa = PBXFileReference; fileEncoding = 4; lastKnownFileType = sourcecode.c.objc; path = Project.m; sourceTree = "<group>"; };
		668E7B481399686E00A0E5E0 /* SugarPondLoginViewController.xib */ = {isa = PBXFileReference; fileEncoding = 4; lastKnownFileType = file.xib; path = SugarPondLoginViewController.xib; sourceTree = "<group>"; };
		668E7B4A13996B8800A0E5E0 /* SugarPondLoginViewController.h */ = {isa = PBXFileReference; fileEncoding = 4; lastKnownFileType = sourcecode.c.h; path = SugarPondLoginViewController.h; sourceTree = "<group>"; };
		668E7B4B13996B8800A0E5E0 /* SugarPondLoginViewController.m */ = {isa = PBXFileReference; fileEncoding = 4; lastKnownFileType = sourcecode.c.objc; path = SugarPondLoginViewController.m; sourceTree = "<group>"; };
		66B84AF5145F9268003F43C6 /* DetailViewCell.h */ = {isa = PBXFileReference; fileEncoding = 4; lastKnownFileType = sourcecode.c.h; path = DetailViewCell.h; sourceTree = "<group>"; };
		66B84AF6145F9268003F43C6 /* DetailViewCell.m */ = {isa = PBXFileReference; fileEncoding = 4; lastKnownFileType = sourcecode.c.objc; path = DetailViewCell.m; sourceTree = "<group>"; };
		66CE30A213B4DB96008A274B /* Vellum.storyboard */ = {isa = PBXFileReference; fileEncoding = 4; lastKnownFileType = file.storyboard; path = Vellum.storyboard; sourceTree = "<group>"; };
		66CE30D913B4E7C3008A274B /* Accounts.framework */ = {isa = PBXFileReference; lastKnownFileType = wrapper.framework; name = Accounts.framework; path = System/Library/Frameworks/Accounts.framework; sourceTree = SDKROOT; };
		66CE30DB13B4F930008A274B /* AuthenticatedTableViewController.h */ = {isa = PBXFileReference; indentWidth = 4; lastKnownFileType = sourcecode.c.h; name = AuthenticatedTableViewController.h; path = Vellum/AuthenticatedTableViewController.h; sourceTree = "<group>"; tabWidth = 4; usesTabs = 0; wrapsLines = 1; };
		66CE30DC13B4F930008A274B /* AuthenticatedTableViewController.m */ = {isa = PBXFileReference; indentWidth = 4; lastKnownFileType = sourcecode.c.objc; name = AuthenticatedTableViewController.m; path = Vellum/AuthenticatedTableViewController.m; sourceTree = "<group>"; tabWidth = 4; usesTabs = 0; wrapsLines = 1; };
		66D2C81A139E9E5C00428452 /* sugarpond.png */ = {isa = PBXFileReference; lastKnownFileType = image.png; name = sugarpond.png; path = "../../journey-marketing/sugarpond.png"; sourceTree = "<group>"; };
		66D2C81D139E9EFB00428452 /* LiberationSerif-Bold.ttf */ = {isa = PBXFileReference; lastKnownFileType = file; path = "LiberationSerif-Bold.ttf"; sourceTree = "<group>"; };
		66D2C81E139E9EFB00428452 /* LiberationSerif-BoldItalic.ttf */ = {isa = PBXFileReference; lastKnownFileType = file; path = "LiberationSerif-BoldItalic.ttf"; sourceTree = "<group>"; };
		66D2C81F139E9EFB00428452 /* LiberationSerif-Italic.ttf */ = {isa = PBXFileReference; lastKnownFileType = file; path = "LiberationSerif-Italic.ttf"; sourceTree = "<group>"; };
		66D2C820139E9EFB00428452 /* LiberationSerif-Regular.ttf */ = {isa = PBXFileReference; lastKnownFileType = file; path = "LiberationSerif-Regular.ttf"; sourceTree = "<group>"; };
		66D2C825139EBD5300428452 /* QuartzCore.framework */ = {isa = PBXFileReference; lastKnownFileType = wrapper.framework; name = QuartzCore.framework; path = System/Library/Frameworks/QuartzCore.framework; sourceTree = SDKROOT; };
		66D2C827139EC3EF00428452 /* SugarPondLoginDelegate.h */ = {isa = PBXFileReference; fileEncoding = 4; lastKnownFileType = sourcecode.c.h; path = SugarPondLoginDelegate.h; sourceTree = "<group>"; };
/* End PBXFileReference section */

/* Begin PBXFrameworksBuildPhase section */
		668E7ABD1399612200A0E5E0 /* Frameworks */ = {
			isa = PBXFrameworksBuildPhase;
			buildActionMask = 2147483647;
			files = (
				66CE30DA13B4E7C3008A274B /* Accounts.framework in Frameworks */,
				66D2C826139EBD5300428452 /* QuartzCore.framework in Frameworks */,
				668E7B431399644600A0E5E0 /* libRestKitJSONParserYAJL.a in Frameworks */,
				668E7B411399643600A0E5E0 /* libRestKitCoreData.a in Frameworks */,
				668E7B331399634D00A0E5E0 /* CFNetwork.framework in Frameworks */,
				668E7B341399634D00A0E5E0 /* CoreData.framework in Frameworks */,
				668E7B361399634D00A0E5E0 /* MobileCoreServices.framework in Frameworks */,
				668E7B371399634D00A0E5E0 /* SystemConfiguration.framework in Frameworks */,
				668E7B2B1399634D00A0E5E0 /* libRestKitNetwork.a in Frameworks */,
				668E7B2C1399634D00A0E5E0 /* libRestKitObjectMapping.a in Frameworks */,
				668E7B2D1399634D00A0E5E0 /* libRestKitSupport.a in Frameworks */,
				668E7AC51399612300A0E5E0 /* UIKit.framework in Frameworks */,
				668E7AC71399612300A0E5E0 /* Foundation.framework in Frameworks */,
				668E7AC91399612300A0E5E0 /* CoreGraphics.framework in Frameworks */,
			);
			runOnlyForDeploymentPostprocessing = 0;
		};
/* End PBXFrameworksBuildPhase section */

/* Begin PBXGroup section */
		668E7AB51399612200A0E5E0 = {
			isa = PBXGroup;
			children = (
				66CE30A213B4DB96008A274B /* Vellum.storyboard */,
				66D2C81C139E9EE700428452 /* Resources */,
				66EE687013BA41E10020F995 /* Controllers */,
				66EE687813BA42420020F995 /* Table Cells */,
				668E7B44139965EA00A0E5E0 /* Models */,
				668E7AE41399616100A0E5E0 /* iPad */,
				668E7ACA1399612300A0E5E0 /* Other Code */,
				668E7AC31399612300A0E5E0 /* Frameworks */,
				668E7AC11399612300A0E5E0 /* Products */,
			);
			sourceTree = "<group>";
		};
		668E7AC11399612300A0E5E0 /* Products */ = {
			isa = PBXGroup;
			children = (
				668E7AC01399612300A0E5E0 /* Vellum for iPad.app */,
			);
			name = Products;
			sourceTree = "<group>";
		};
		668E7AC31399612300A0E5E0 /* Frameworks */ = {
			isa = PBXGroup;
			children = (
				668E7AFC139962A600A0E5E0 /* RestKit.xcodeproj */,
				66CE30D913B4E7C3008A274B /* Accounts.framework */,
				66D2C825139EBD5300428452 /* QuartzCore.framework */,
				668E7B421399644600A0E5E0 /* libRestKitJSONParserYAJL.a */,
				668E7B401399643600A0E5E0 /* libRestKitCoreData.a */,
				668E7B2E1399634D00A0E5E0 /* CFNetwork.framework */,
				668E7B2F1399634D00A0E5E0 /* CoreData.framework */,
				668E7B301399634D00A0E5E0 /* libxml2.dylib */,
				668E7B311399634D00A0E5E0 /* MobileCoreServices.framework */,
				668E7B321399634D00A0E5E0 /* SystemConfiguration.framework */,
				668E7B261399634D00A0E5E0 /* libRestKitJSONParserJSONKit.a */,
				668E7B271399634D00A0E5E0 /* libRestKitNetwork.a */,
				668E7B281399634D00A0E5E0 /* libRestKitObjectMapping.a */,
				668E7B291399634D00A0E5E0 /* libRestKitSupport.a */,
				668E7AC41399612300A0E5E0 /* UIKit.framework */,
				668E7AC61399612300A0E5E0 /* Foundation.framework */,
				668E7AC81399612300A0E5E0 /* CoreGraphics.framework */,
			);
			name = Frameworks;
			sourceTree = "<group>";
		};
		668E7ACA1399612300A0E5E0 /* Other Code */ = {
			isa = PBXGroup;
			children = (
				668E7AD31399612300A0E5E0 /* VellumAppDelegate.h */,
				668E7AD41399612300A0E5E0 /* VellumAppDelegate.m */,
				668E7ACB1399612300A0E5E0 /* Supporting Files */,
				668E7B481399686E00A0E5E0 /* SugarPondLoginViewController.xib */,
				668E7B4A13996B8800A0E5E0 /* SugarPondLoginViewController.h */,
				668E7B4B13996B8800A0E5E0 /* SugarPondLoginViewController.m */,
				66D2C827139EC3EF00428452 /* SugarPondLoginDelegate.h */,
			);
			name = "Other Code";
			path = Vellum;
			sourceTree = "<group>";
		};
		668E7ACB1399612300A0E5E0 /* Supporting Files */ = {
			isa = PBXGroup;
			children = (
				668E7ACC1399612300A0E5E0 /* Vellum for iPad-Info.plist */,
				668E7ACD1399612300A0E5E0 /* InfoPlist.strings */,
				668E7AD01399612300A0E5E0 /* Vellum for iPad-Prefix.pch */,
				668E7AD11399612300A0E5E0 /* main.m */,
			);
			name = "Supporting Files";
			sourceTree = "<group>";
		};
		668E7AE41399616100A0E5E0 /* iPad */ = {
			isa = PBXGroup;
			children = (
			);
			name = iPad;
			sourceTree = "<group>";
		};
		668E7AFD139962A600A0E5E0 /* Products */ = {
			isa = PBXGroup;
			children = (
				668E7B11139962A700A0E5E0 /* libRestKitNetwork.a */,
				668E7B13139962A700A0E5E0 /* libRestKitObjectMapping.a */,
				668E7B15139962A700A0E5E0 /* libRestKitSupport.a */,
				668E7B17139962A700A0E5E0 /* libRestKitJSONParserYAJL.a */,
				668E7B19139962A700A0E5E0 /* libRestKitJSONParserSBJSON.a */,
				668E7B1B139962A700A0E5E0 /* libRestKitJSONParserJSONKit.a */,
				668E7B1D139962A700A0E5E0 /* libRestKitXMLParserLibxml.a */,
				668E7B1F139962A700A0E5E0 /* libRestKitCoreData.a */,
				668E7B21139962A700A0E5E0 /* libRestKitThree20.a */,
				668E7B23139962A700A0E5E0 /* UISpec.app */,
			);
			name = Products;
			sourceTree = "<group>";
		};
		668E7B44139965EA00A0E5E0 /* Models */ = {
			isa = PBXGroup;
			children = (
				666E95E913A680B40056834D /* Vellum.xcdatamodeld */,
				668E7B451399660200A0E5E0 /* Project.h */,
				668E7B461399660200A0E5E0 /* Project.m */,
				66124E93139FCEB10066A45B /* Doc.h */,
				66124E94139FCEB10066A45B /* Doc.m */,
				66124E96139FD4440066A45B /* Attr.h */,
				66124E97139FD4440066A45B /* Attr.m */,
				6619FCD113A0015900D63BB2 /* DocTemplate.h */,
				6619FCD213A0015900D63BB2 /* DocTemplate.m */,
			);
			name = Models;
			sourceTree = "<group>";
		};
		66D2C81C139E9EE700428452 /* Resources */ = {
			isa = PBXGroup;
			children = (
				66D2C81D139E9EFB00428452 /* LiberationSerif-Bold.ttf */,
				66D2C81E139E9EFB00428452 /* LiberationSerif-BoldItalic.ttf */,
				66D2C81F139E9EFB00428452 /* LiberationSerif-Italic.ttf */,
				66D2C820139E9EFB00428452 /* LiberationSerif-Regular.ttf */,
				66D2C81A139E9E5C00428452 /* sugarpond.png */,
			);
			name = Resources;
			sourceTree = "<group>";
		};
		66EE687013BA41E10020F995 /* Controllers */ = {
			isa = PBXGroup;
			children = (
				66CE30DB13B4F930008A274B /* AuthenticatedTableViewController.h */,
				66CE30DC13B4F930008A274B /* AuthenticatedTableViewController.m */,
				668E7AD91399612300A0E5E0 /* ProjectsViewController.h */,
				668E7ADA1399612300A0E5E0 /* ProjectsViewController.m */,
				66124E8E139FCE7A0066A45B /* DocsListViewController.h */,
				66124E8F139FCE7A0066A45B /* DocsListViewController.m */,
				662E674C13A26D6B002997A0 /* DetailViewController.h */,
				662E674D13A26D6B002997A0 /* DetailViewController.m */,
			);
			name = Controllers;
			sourceTree = "<group>";
		};
		66EE687813BA42420020F995 /* Table Cells */ = {
			isa = PBXGroup;
			children = (
				6652B66813B5101B00A0E123 /* ProjectCell.h */,
				6652B66913B5101B00A0E123 /* ProjectCell.m */,
				667958AB13B92B7700C6FB9F /* DocCell.h */,
				667958AC13B92B7700C6FB9F /* DocCell.m */,
				6635CC4D13BA5E7800E8D018 /* AttrCell.h */,
				6635CC4E13BA5E7800E8D018 /* AttrCell.m */,
				6635CC5013BA5E8400E8D018 /* DocContentCell.h */,
				6635CC5113BA5E8400E8D018 /* DocContentCell.m */,
				66B84AF5145F9268003F43C6 /* DetailViewCell.h */,
				66B84AF6145F9268003F43C6 /* DetailViewCell.m */,
			);
			name = "Table Cells";
			sourceTree = "<group>";
		};
/* End PBXGroup section */

/* Begin PBXNativeTarget section */
		668E7ABF1399612200A0E5E0 /* Vellum for iPad */ = {
			isa = PBXNativeTarget;
			buildConfigurationList = 668E7AE11399612300A0E5E0 /* Build configuration list for PBXNativeTarget "Vellum for iPad" */;
			buildPhases = (
				668E7ABC1399612200A0E5E0 /* Sources */,
				668E7ABD1399612200A0E5E0 /* Frameworks */,
				668E7ABE1399612200A0E5E0 /* Resources */,
			);
			buildRules = (
			);
			dependencies = (
				668E7B251399630A00A0E5E0 /* PBXTargetDependency */,
			);
			name = "Vellum for iPad";
			productName = Vellum;
			productReference = 668E7AC01399612300A0E5E0 /* Vellum for iPad.app */;
			productType = "com.apple.product-type.application";
		};
/* End PBXNativeTarget section */

/* Begin PBXProject section */
		668E7AB71399612200A0E5E0 /* Project object */ = {
			isa = PBXProject;
			attributes = {
				LastUpgradeCheck = 0420;
			};
			buildConfigurationList = 668E7ABA1399612200A0E5E0 /* Build configuration list for PBXProject "Vellum for iPad" */;
			compatibilityVersion = "Xcode 3.2";
			developmentRegion = English;
			hasScannedForEncodings = 0;
			knownRegions = (
				en,
			);
			mainGroup = 668E7AB51399612200A0E5E0;
			productRefGroup = 668E7AC11399612300A0E5E0 /* Products */;
			projectDirPath = "";
			projectReferences = (
				{
					ProductGroup = 668E7AFD139962A600A0E5E0 /* Products */;
					ProjectRef = 668E7AFC139962A600A0E5E0 /* RestKit.xcodeproj */;
				},
			);
			projectRoot = "";
			targets = (
				668E7ABF1399612200A0E5E0 /* Vellum for iPad */,
			);
		};
/* End PBXProject section */

/* Begin PBXReferenceProxy section */
		668E7B11139962A700A0E5E0 /* libRestKitNetwork.a */ = {
			isa = PBXReferenceProxy;
			fileType = archive.ar;
			path = libRestKitNetwork.a;
			remoteRef = 668E7B10139962A700A0E5E0 /* PBXContainerItemProxy */;
			sourceTree = BUILT_PRODUCTS_DIR;
		};
		668E7B13139962A700A0E5E0 /* libRestKitObjectMapping.a */ = {
			isa = PBXReferenceProxy;
			fileType = archive.ar;
			path = libRestKitObjectMapping.a;
			remoteRef = 668E7B12139962A700A0E5E0 /* PBXContainerItemProxy */;
			sourceTree = BUILT_PRODUCTS_DIR;
		};
		668E7B15139962A700A0E5E0 /* libRestKitSupport.a */ = {
			isa = PBXReferenceProxy;
			fileType = archive.ar;
			path = libRestKitSupport.a;
			remoteRef = 668E7B14139962A700A0E5E0 /* PBXContainerItemProxy */;
			sourceTree = BUILT_PRODUCTS_DIR;
		};
		668E7B17139962A700A0E5E0 /* libRestKitJSONParserYAJL.a */ = {
			isa = PBXReferenceProxy;
			fileType = archive.ar;
			path = libRestKitJSONParserYAJL.a;
			remoteRef = 668E7B16139962A700A0E5E0 /* PBXContainerItemProxy */;
			sourceTree = BUILT_PRODUCTS_DIR;
		};
		668E7B19139962A700A0E5E0 /* libRestKitJSONParserSBJSON.a */ = {
			isa = PBXReferenceProxy;
			fileType = archive.ar;
			path = libRestKitJSONParserSBJSON.a;
			remoteRef = 668E7B18139962A700A0E5E0 /* PBXContainerItemProxy */;
			sourceTree = BUILT_PRODUCTS_DIR;
		};
		668E7B1B139962A700A0E5E0 /* libRestKitJSONParserJSONKit.a */ = {
			isa = PBXReferenceProxy;
			fileType = archive.ar;
			path = libRestKitJSONParserJSONKit.a;
			remoteRef = 668E7B1A139962A700A0E5E0 /* PBXContainerItemProxy */;
			sourceTree = BUILT_PRODUCTS_DIR;
		};
		668E7B1D139962A700A0E5E0 /* libRestKitXMLParserLibxml.a */ = {
			isa = PBXReferenceProxy;
			fileType = archive.ar;
			path = libRestKitXMLParserLibxml.a;
			remoteRef = 668E7B1C139962A700A0E5E0 /* PBXContainerItemProxy */;
			sourceTree = BUILT_PRODUCTS_DIR;
		};
		668E7B1F139962A700A0E5E0 /* libRestKitCoreData.a */ = {
			isa = PBXReferenceProxy;
			fileType = archive.ar;
			path = libRestKitCoreData.a;
			remoteRef = 668E7B1E139962A700A0E5E0 /* PBXContainerItemProxy */;
			sourceTree = BUILT_PRODUCTS_DIR;
		};
		668E7B21139962A700A0E5E0 /* libRestKitThree20.a */ = {
			isa = PBXReferenceProxy;
			fileType = archive.ar;
			path = libRestKitThree20.a;
			remoteRef = 668E7B20139962A700A0E5E0 /* PBXContainerItemProxy */;
			sourceTree = BUILT_PRODUCTS_DIR;
		};
		668E7B23139962A700A0E5E0 /* UISpec.app */ = {
			isa = PBXReferenceProxy;
			fileType = wrapper.application;
			path = UISpec.app;
			remoteRef = 668E7B22139962A700A0E5E0 /* PBXContainerItemProxy */;
			sourceTree = BUILT_PRODUCTS_DIR;
		};
/* End PBXReferenceProxy section */

/* Begin PBXResourcesBuildPhase section */
		668E7ABE1399612200A0E5E0 /* Resources */ = {
			isa = PBXResourcesBuildPhase;
			buildActionMask = 2147483647;
			files = (
				668E7ACF1399612300A0E5E0 /* InfoPlist.strings in Resources */,
				668E7B491399686E00A0E5E0 /* SugarPondLoginViewController.xib in Resources */,
				66D2C81B139E9E5C00428452 /* sugarpond.png in Resources */,
				66D2C821139E9EFB00428452 /* LiberationSerif-Bold.ttf in Resources */,
				66D2C822139E9EFB00428452 /* LiberationSerif-BoldItalic.ttf in Resources */,
				66D2C823139E9EFB00428452 /* LiberationSerif-Italic.ttf in Resources */,
				66D2C824139E9EFB00428452 /* LiberationSerif-Regular.ttf in Resources */,
				66CE30A313B4DB96008A274B /* Vellum.storyboard in Resources */,
			);
			runOnlyForDeploymentPostprocessing = 0;
		};
/* End PBXResourcesBuildPhase section */

/* Begin PBXSourcesBuildPhase section */
		668E7ABC1399612200A0E5E0 /* Sources */ = {
			isa = PBXSourcesBuildPhase;
			buildActionMask = 2147483647;
			files = (
				668E7AD21399612300A0E5E0 /* main.m in Sources */,
				668E7AD51399612300A0E5E0 /* VellumAppDelegate.m in Sources */,
				668E7ADB1399612300A0E5E0 /* ProjectsViewController.m in Sources */,
				668E7B471399660200A0E5E0 /* Project.m in Sources */,
				668E7B4C13996B8800A0E5E0 /* SugarPondLoginViewController.m in Sources */,
				66124E91139FCE7A0066A45B /* DocsListViewController.m in Sources */,
				66124E95139FCEB10066A45B /* Doc.m in Sources */,
				66124E98139FD4440066A45B /* Attr.m in Sources */,
				6619FCD313A0015900D63BB2 /* DocTemplate.m in Sources */,
				662E674F13A26D6B002997A0 /* DetailViewController.m in Sources */,
				666E95EB13A680B40056834D /* Vellum.xcdatamodeld in Sources */,
				66CE30DD13B4F930008A274B /* AuthenticatedTableViewController.m in Sources */,
				6652B66A13B5101B00A0E123 /* ProjectCell.m in Sources */,
				667958AD13B92B7700C6FB9F /* DocCell.m in Sources */,
				6635CC4F13BA5E7800E8D018 /* AttrCell.m in Sources */,
				6635CC5213BA5E8400E8D018 /* DocContentCell.m in Sources */,
				66B84AF7145F9268003F43C6 /* DetailViewCell.m in Sources */,
			);
			runOnlyForDeploymentPostprocessing = 0;
		};
/* End PBXSourcesBuildPhase section */

/* Begin PBXTargetDependency section */
		668E7B251399630A00A0E5E0 /* PBXTargetDependency */ = {
			isa = PBXTargetDependency;
			name = RestKit;
			targetProxy = 668E7B241399630A00A0E5E0 /* PBXContainerItemProxy */;
		};
/* End PBXTargetDependency section */

/* Begin PBXVariantGroup section */
		668E7ACD1399612300A0E5E0 /* InfoPlist.strings */ = {
			isa = PBXVariantGroup;
			children = (
				668E7ACE1399612300A0E5E0 /* en */,
			);
			name = InfoPlist.strings;
			sourceTree = "<group>";
		};
/* End PBXVariantGroup section */

/* Begin XCBuildConfiguration section */
		668E7ADF1399612300A0E5E0 /* Debug */ = {
			isa = XCBuildConfiguration;
			buildSettings = {
				ARCHS = "$(ARCHS_STANDARD_32_BIT)";
				"CODE_SIGN_IDENTITY[sdk=iphoneos*]" = "iPhone Developer";
				GCC_C_LANGUAGE_STANDARD = gnu99;
				GCC_OPTIMIZATION_LEVEL = 0;
				GCC_PREPROCESSOR_DEFINITIONS = DEBUG;
				GCC_SYMBOLS_PRIVATE_EXTERN = NO;
				GCC_VERSION = com.apple.compilers.llvmgcc42;
				GCC_WARN_ABOUT_MISSING_PROTOTYPES = YES;
				GCC_WARN_ABOUT_RETURN_TYPE = YES;
				GCC_WARN_UNUSED_VARIABLE = YES;
				IPHONEOS_DEPLOYMENT_TARGET = 4.3;
				SDKROOT = iphoneos;
			};
			name = Debug;
		};
		668E7AE01399612300A0E5E0 /* Release */ = {
			isa = XCBuildConfiguration;
			buildSettings = {
				ARCHS = "$(ARCHS_STANDARD_32_BIT)";
				"CODE_SIGN_IDENTITY[sdk=iphoneos*]" = "iPhone Developer";
				GCC_C_LANGUAGE_STANDARD = gnu99;
				GCC_VERSION = com.apple.compilers.llvmgcc42;
				GCC_WARN_ABOUT_MISSING_PROTOTYPES = YES;
				GCC_WARN_ABOUT_RETURN_TYPE = YES;
				GCC_WARN_UNUSED_VARIABLE = YES;
				IPHONEOS_DEPLOYMENT_TARGET = 4.3;
				OTHER_CFLAGS = "-DNS_BLOCK_ASSERTIONS=1";
				SDKROOT = iphoneos;
			};
			name = Release;
		};
		668E7AE21399612300A0E5E0 /* Debug */ = {
			isa = XCBuildConfiguration;
			buildSettings = {
				ALWAYS_SEARCH_USER_PATHS = NO;
				CLANG_ENABLE_OBJC_ARC = YES;
				COPY_PHASE_STRIP = NO;
				GCC_DYNAMIC_NO_PIC = NO;
				GCC_PRECOMPILE_PREFIX_HEADER = YES;
				GCC_PREFIX_HEADER = "Vellum/Vellum for iPad-Prefix.pch";
				GCC_VERSION = com.apple.compilers.llvm.clang.1_0;
				HEADER_SEARCH_PATHS = "$(SOURCE_ROOT)/RestKit/Build";
				INFOPLIST_FILE = "Vellum/Vellum for iPad-Info.plist";
				IPHONEOS_DEPLOYMENT_TARGET = 5.0;
				LIBRARY_SEARCH_PATHS = (
					"$(SOURCE_ROOT)/RestKit/Build/$(BUILD_STYLE)-$(PLATFORM_NAME)",
					"\"$(SRCROOT)\"",
				);
				OTHER_LDFLAGS = (
					"-ObjC",
					"-all_load",
				);
				PRODUCT_NAME = "Vellum for iPad";
				TARGETED_DEVICE_FAMILY = 2;
				WRAPPER_EXTENSION = app;
			};
			name = Debug;
		};
		668E7AE31399612300A0E5E0 /* Release */ = {
			isa = XCBuildConfiguration;
			buildSettings = {
				ALWAYS_SEARCH_USER_PATHS = NO;
				CLANG_ENABLE_OBJC_ARC = YES;
				COPY_PHASE_STRIP = YES;
				GCC_PRECOMPILE_PREFIX_HEADER = YES;
				GCC_PREFIX_HEADER = "Vellum/Vellum for iPad-Prefix.pch";
				GCC_VERSION = com.apple.compilers.llvm.clang.1_0;
				HEADER_SEARCH_PATHS = "$(SOURCE_ROOT)/RestKit/Build";
				INFOPLIST_FILE = "Vellum/Vellum for iPad-Info.plist";
				IPHONEOS_DEPLOYMENT_TARGET = 5.0;
				LIBRARY_SEARCH_PATHS = (
					"$(SOURCE_ROOT)/RestKit/Build/$(BUILD_STYLE)-$(PLATFORM_NAME)",
					"\"$(SRCROOT)\"",
				);
				OTHER_LDFLAGS = (
					"-ObjC",
					"-all_load",
				);
				PRODUCT_NAME = "Vellum for iPad";
				TARGETED_DEVICE_FAMILY = 2;
				VALIDATE_PRODUCT = YES;
				WRAPPER_EXTENSION = app;
			};
			name = Release;
		};
/* End XCBuildConfiguration section */

/* Begin XCConfigurationList section */
		668E7ABA1399612200A0E5E0 /* Build configuration list for PBXProject "Vellum for iPad" */ = {
			isa = XCConfigurationList;
			buildConfigurations = (
				668E7ADF1399612300A0E5E0 /* Debug */,
				668E7AE01399612300A0E5E0 /* Release */,
			);
			defaultConfigurationIsVisible = 0;
			defaultConfigurationName = Release;
		};
		668E7AE11399612300A0E5E0 /* Build configuration list for PBXNativeTarget "Vellum for iPad" */ = {
			isa = XCConfigurationList;
			buildConfigurations = (
				668E7AE21399612300A0E5E0 /* Debug */,
				668E7AE31399612300A0E5E0 /* Release */,
			);
			defaultConfigurationIsVisible = 0;
			defaultConfigurationName = Release;
		};
/* End XCConfigurationList section */

/* Begin XCVersionGroup section */
		666E95E913A680B40056834D /* Vellum.xcdatamodeld */ = {
			isa = XCVersionGroup;
			children = (
				666E95EA13A680B40056834D /* Vellum.xcdatamodel */,
			);
			currentVersion = 666E95EA13A680B40056834D /* Vellum.xcdatamodel */;
			path = Vellum.xcdatamodeld;
			sourceTree = "<group>";
			versionGroupType = wrapper.xcdatamodel;
		};
/* End XCVersionGroup section */
	};
	rootObject = 668E7AB71399612200A0E5E0 /* Project object */;
}
